
Microsoft Visual Studio Solution File, Format Version 12.00
# Visual Studio Version 17
VisualStudioVersion = 17.0.31903.59
MinimumVisualStudioVersion = 10.0.40219.1
Project("{2150E333-8FDC-42A3-9474-1A3956D46DE8}") = "src", "src", "{827E0CD3-B72D-47B6-A68D-7590B98EB39B}"
EndProject
Project("{FAE04EC0-301F-11D3-BF4B-00C04F79EFBC}") = "Devantler.KubernetesValidator.ServerSide.Core", "src\Devantler.KubernetesValidator.ServerSide.Core\Devantler.KubernetesValidator.ServerSide.Core.csproj", "{6580193E-3834-4C96-986E-38CB0E67A8FE}"
EndProject
Project("{FAE04EC0-301F-11D3-BF4B-00C04F79EFBC}") = "Devantler.KubernetesValidator.ClientSide.YamlSyntax", "src\Devantler.KubernetesValidator.ClientSide.YamlSyntax\Devantler.KubernetesValidator.ClientSide.YamlSyntax.csproj", "{398EA6BA-A82B-4DD0-B02D-10473BEAFE35}"
EndProject
Project("{FAE04EC0-301F-11D3-BF4B-00C04F79EFBC}") = "Devantler.KubernetesValidator.ClientSide.Schemas", "src\Devantler.KubernetesValidator.ClientSide.Schemas\Devantler.KubernetesValidator.ClientSide.Schemas.csproj", "{D6A63ADC-BCF3-4931-94D4-C11D7BBD1E29}"
EndProject
Project("{FAE04EC0-301F-11D3-BF4B-00C04F79EFBC}") = "Devantler.KubernetesValidator.ClientSide.Core", "src\Devantler.KubernetesValidator.ClientSide.Core\Devantler.KubernetesValidator.ClientSide.Core.csproj", "{BE5F71FB-14C3-4D8C-9520-CF30E487A97C}"
EndProject
Project("{2150E333-8FDC-42A3-9474-1A3956D46DE8}") = "tests", "tests", "{0AB3BF05-4346-4AA6-1389-037BE0695223}"
EndProject
Project("{FAE04EC0-301F-11D3-BF4B-00C04F79EFBC}") = "Devantler.KubernetesValidator.ClientSide.YamlSyntax.Tests", "tests\Devantler.KubernetesValidator.ClientSide.YamlSyntax.Tests\Devantler.KubernetesValidator.ClientSide.YamlSyntax.Tests.csproj", "{F99586CF-94A1-4E1C-A0CF-6D826F701719}"
EndProject
Project("{FAE04EC0-301F-11D3-BF4B-00C04F79EFBC}") = "Devantler.KubernetesValidator.ClientSide.Schemas.Tests", "tests\Devantler.KubernetesValidator.ClientSide.Schemas.Tests\Devantler.KubernetesValidator.ClientSide.Schemas.Tests.csproj", "{50A57F00-4D70-4892-B9B6-4171E528B8D4}"
EndProject
Global
	GlobalSection(SolutionConfigurationPlatforms) = preSolution
		Debug|Any CPU = Debug|Any CPU
		Debug|x64 = Debug|x64
		Debug|x86 = Debug|x86
		Release|Any CPU = Release|Any CPU
		Release|x64 = Release|x64
		Release|x86 = Release|x86
	EndGlobalSection
	GlobalSection(ProjectConfigurationPlatforms) = postSolution
		{6580193E-3834-4C96-986E-38CB0E67A8FE}.Debug|Any CPU.ActiveCfg = Debug|Any CPU
		{6580193E-3834-4C96-986E-38CB0E67A8FE}.Debug|Any CPU.Build.0 = Debug|Any CPU
		{6580193E-3834-4C96-986E-38CB0E67A8FE}.Debug|x64.ActiveCfg = Debug|Any CPU
		{6580193E-3834-4C96-986E-38CB0E67A8FE}.Debug|x64.Build.0 = Debug|Any CPU
		{6580193E-3834-4C96-986E-38CB0E67A8FE}.Debug|x86.ActiveCfg = Debug|Any CPU
		{6580193E-3834-4C96-986E-38CB0E67A8FE}.Debug|x86.Build.0 = Debug|Any CPU
		{6580193E-3834-4C96-986E-38CB0E67A8FE}.Release|Any CPU.ActiveCfg = Release|Any CPU
		{6580193E-3834-4C96-986E-38CB0E67A8FE}.Release|Any CPU.Build.0 = Release|Any CPU
		{6580193E-3834-4C96-986E-38CB0E67A8FE}.Release|x64.ActiveCfg = Release|Any CPU
		{6580193E-3834-4C96-986E-38CB0E67A8FE}.Release|x64.Build.0 = Release|Any CPU
		{6580193E-3834-4C96-986E-38CB0E67A8FE}.Release|x86.ActiveCfg = Release|Any CPU
		{6580193E-3834-4C96-986E-38CB0E67A8FE}.Release|x86.Build.0 = Release|Any CPU
		{398EA6BA-A82B-4DD0-B02D-10473BEAFE35}.Debug|Any CPU.ActiveCfg = Debug|Any CPU
		{398EA6BA-A82B-4DD0-B02D-10473BEAFE35}.Debug|Any CPU.Build.0 = Debug|Any CPU
		{398EA6BA-A82B-4DD0-B02D-10473BEAFE35}.Debug|x64.ActiveCfg = Debug|Any CPU
		{398EA6BA-A82B-4DD0-B02D-10473BEAFE35}.Debug|x64.Build.0 = Debug|Any CPU
		{398EA6BA-A82B-4DD0-B02D-10473BEAFE35}.Debug|x86.ActiveCfg = Debug|Any CPU
		{398EA6BA-A82B-4DD0-B02D-10473BEAFE35}.Debug|x86.Build.0 = Debug|Any CPU
		{398EA6BA-A82B-4DD0-B02D-10473BEAFE35}.Release|Any CPU.ActiveCfg = Release|Any CPU
		{398EA6BA-A82B-4DD0-B02D-10473BEAFE35}.Release|Any CPU.Build.0 = Release|Any CPU
		{398EA6BA-A82B-4DD0-B02D-10473BEAFE35}.Release|x64.ActiveCfg = Release|Any CPU
		{398EA6BA-A82B-4DD0-B02D-10473BEAFE35}.Release|x64.Build.0 = Release|Any CPU
		{398EA6BA-A82B-4DD0-B02D-10473BEAFE35}.Release|x86.ActiveCfg = Release|Any CPU
		{398EA6BA-A82B-4DD0-B02D-10473BEAFE35}.Release|x86.Build.0 = Release|Any CPU
		{D6A63ADC-BCF3-4931-94D4-C11D7BBD1E29}.Debug|Any CPU.ActiveCfg = Debug|Any CPU
		{D6A63ADC-BCF3-4931-94D4-C11D7BBD1E29}.Debug|Any CPU.Build.0 = Debug|Any CPU
		{D6A63ADC-BCF3-4931-94D4-C11D7BBD1E29}.Debug|x64.ActiveCfg = Debug|Any CPU
		{D6A63ADC-BCF3-4931-94D4-C11D7BBD1E29}.Debug|x64.Build.0 = Debug|Any CPU
		{D6A63ADC-BCF3-4931-94D4-C11D7BBD1E29}.Debug|x86.ActiveCfg = Debug|Any CPU
		{D6A63ADC-BCF3-4931-94D4-C11D7BBD1E29}.Debug|x86.Build.0 = Debug|Any CPU
		{D6A63ADC-BCF3-4931-94D4-C11D7BBD1E29}.Release|Any CPU.ActiveCfg = Release|Any CPU
		{D6A63ADC-BCF3-4931-94D4-C11D7BBD1E29}.Release|Any CPU.Build.0 = Release|Any CPU
		{D6A63ADC-BCF3-4931-94D4-C11D7BBD1E29}.Release|x64.ActiveCfg = Release|Any CPU
		{D6A63ADC-BCF3-4931-94D4-C11D7BBD1E29}.Release|x64.Build.0 = Release|Any CPU
		{D6A63ADC-BCF3-4931-94D4-C11D7BBD1E29}.Release|x86.ActiveCfg = Release|Any CPU
		{D6A63ADC-BCF3-4931-94D4-C11D7BBD1E29}.Release|x86.Build.0 = Release|Any CPU
		{BE5F71FB-14C3-4D8C-9520-CF30E487A97C}.Debug|Any CPU.ActiveCfg = Debug|Any CPU
		{BE5F71FB-14C3-4D8C-9520-CF30E487A97C}.Debug|Any CPU.Build.0 = Debug|Any CPU
		{BE5F71FB-14C3-4D8C-9520-CF30E487A97C}.Debug|x64.ActiveCfg = Debug|Any CPU
		{BE5F71FB-14C3-4D8C-9520-CF30E487A97C}.Debug|x64.Build.0 = Debug|Any CPU
		{BE5F71FB-14C3-4D8C-9520-CF30E487A97C}.Debug|x86.ActiveCfg = Debug|Any CPU
		{BE5F71FB-14C3-4D8C-9520-CF30E487A97C}.Debug|x86.Build.0 = Debug|Any CPU
		{BE5F71FB-14C3-4D8C-9520-CF30E487A97C}.Release|Any CPU.ActiveCfg = Release|Any CPU
		{BE5F71FB-14C3-4D8C-9520-CF30E487A97C}.Release|Any CPU.Build.0 = Release|Any CPU
		{BE5F71FB-14C3-4D8C-9520-CF30E487A97C}.Release|x64.ActiveCfg = Release|Any CPU
		{BE5F71FB-14C3-4D8C-9520-CF30E487A97C}.Release|x64.Build.0 = Release|Any CPU
		{BE5F71FB-14C3-4D8C-9520-CF30E487A97C}.Release|x86.ActiveCfg = Release|Any CPU
		{BE5F71FB-14C3-4D8C-9520-CF30E487A97C}.Release|x86.Build.0 = Release|Any CPU
		{F99586CF-94A1-4E1C-A0CF-6D826F701719}.Debug|Any CPU.ActiveCfg = Debug|Any CPU
		{F99586CF-94A1-4E1C-A0CF-6D826F701719}.Debug|Any CPU.Build.0 = Debug|Any CPU
		{F99586CF-94A1-4E1C-A0CF-6D826F701719}.Debug|x64.ActiveCfg = Debug|Any CPU
		{F99586CF-94A1-4E1C-A0CF-6D826F701719}.Debug|x64.Build.0 = Debug|Any CPU
		{F99586CF-94A1-4E1C-A0CF-6D826F701719}.Debug|x86.ActiveCfg = Debug|Any CPU
		{F99586CF-94A1-4E1C-A0CF-6D826F701719}.Debug|x86.Build.0 = Debug|Any CPU
		{F99586CF-94A1-4E1C-A0CF-6D826F701719}.Release|Any CPU.ActiveCfg = Release|Any CPU
		{F99586CF-94A1-4E1C-A0CF-6D826F701719}.Release|Any CPU.Build.0 = Release|Any CPU
		{F99586CF-94A1-4E1C-A0CF-6D826F701719}.Release|x64.ActiveCfg = Release|Any CPU
		{F99586CF-94A1-4E1C-A0CF-6D826F701719}.Release|x64.Build.0 = Release|Any CPU
		{F99586CF-94A1-4E1C-A0CF-6D826F701719}.Release|x86.ActiveCfg = Release|Any CPU
		{F99586CF-94A1-4E1C-A0CF-6D826F701719}.Release|x86.Build.0 = Release|Any CPU
		{50A57F00-4D70-4892-B9B6-4171E528B8D4}.Debug|Any CPU.ActiveCfg = Debug|Any CPU
		{50A57F00-4D70-4892-B9B6-4171E528B8D4}.Debug|Any CPU.Build.0 = Debug|Any CPU
		{50A57F00-4D70-4892-B9B6-4171E528B8D4}.Debug|x64.ActiveCfg = Debug|Any CPU
		{50A57F00-4D70-4892-B9B6-4171E528B8D4}.Debug|x64.Build.0 = Debug|Any CPU
		{50A57F00-4D70-4892-B9B6-4171E528B8D4}.Debug|x86.ActiveCfg = Debug|Any CPU
		{50A57F00-4D70-4892-B9B6-4171E528B8D4}.Debug|x86.Build.0 = Debug|Any CPU
		{50A57F00-4D70-4892-B9B6-4171E528B8D4}.Release|Any CPU.ActiveCfg = Release|Any CPU
		{50A57F00-4D70-4892-B9B6-4171E528B8D4}.Release|Any CPU.Build.0 = Release|Any CPU
		{50A57F00-4D70-4892-B9B6-4171E528B8D4}.Release|x64.ActiveCfg = Release|Any CPU
		{50A57F00-4D70-4892-B9B6-4171E528B8D4}.Release|x64.Build.0 = Release|Any CPU
		{50A57F00-4D70-4892-B9B6-4171E528B8D4}.Release|x86.ActiveCfg = Release|Any CPU
		{50A57F00-4D70-4892-B9B6-4171E528B8D4}.Release|x86.Build.0 = Release|Any CPU
	EndGlobalSection
	GlobalSection(SolutionProperties) = preSolution
		HideSolutionNode = FALSE
	EndGlobalSection
	GlobalSection(NestedProjects) = preSolution
		{6580193E-3834-4C96-986E-38CB0E67A8FE} = {827E0CD3-B72D-47B6-A68D-7590B98EB39B}
		{398EA6BA-A82B-4DD0-B02D-10473BEAFE35} = {827E0CD3-B72D-47B6-A68D-7590B98EB39B}
		{D6A63ADC-BCF3-4931-94D4-C11D7BBD1E29} = {827E0CD3-B72D-47B6-A68D-7590B98EB39B}
		{BE5F71FB-14C3-4D8C-9520-CF30E487A97C} = {827E0CD3-B72D-47B6-A68D-7590B98EB39B}
		{F99586CF-94A1-4E1C-A0CF-6D826F701719} = {0AB3BF05-4346-4AA6-1389-037BE0695223}
		{50A57F00-4D70-4892-B9B6-4171E528B8D4} = {0AB3BF05-4346-4AA6-1389-037BE0695223}
	EndGlobalSection
EndGlobal
